
Microsoft Visual Studio Solution File, Format Version 12.00
# Visual Studio Version 17
VisualStudioVersion = 17.2.32602.215
MinimumVisualStudioVersion = 10.0.40219.1
Project("{FAE04EC0-301F-11D3-BF4B-00C04F79EFBC}") = "top_ten_football_player.Android", "top_ten_football_player.Android\top_ten_football_player.Android.csproj", "{42BAE2A4-5514-47FB-AFBD-99AF2BC830E1}"
EndProject
Project("{FAE04EC0-301F-11D3-BF4B-00C04F79EFBC}") = "top_ten_football_player.iOS", "top_ten_football_player.iOS\top_ten_football_player.iOS.csproj", "{4691A42B-67A4-4217-AD09-1C360C709D26}"
EndProject
Project("{FAE04EC0-301F-11D3-BF4B-00C04F79EFBC}") = "top_ten_football_player", "top_ten_football_player\top_ten_football_player.csproj", "{01F00416-947F-4409-ACF0-06C1E6F9842D}"
EndProject
Global
	GlobalSection(SolutionConfigurationPlatforms) = preSolution
		Debug|Any CPU = Debug|Any CPU
		Debug|iPhone = Debug|iPhone
		Debug|iPhoneSimulator = Debug|iPhoneSimulator
		Release|Any CPU = Release|Any CPU
		Release|iPhone = Release|iPhone
		Release|iPhoneSimulator = Release|iPhoneSimulator
	EndGlobalSection
	GlobalSection(ProjectConfigurationPlatforms) = postSolution
		{42BAE2A4-5514-47FB-AFBD-99AF2BC830E1}.Debug|Any CPU.ActiveCfg = Debug|Any CPU
		{42BAE2A4-5514-47FB-AFBD-99AF2BC830E1}.Debug|Any CPU.Build.0 = Debug|Any CPU
		{42BAE2A4-5514-47FB-AFBD-99AF2BC830E1}.Debug|Any CPU.Deploy.0 = Debug|Any CPU
		{42BAE2A4-5514-47FB-AFBD-99AF2BC830E1}.Debug|iPhone.ActiveCfg = Debug|Any CPU
		{42BAE2A4-5514-47FB-AFBD-99AF2BC830E1}.Debug|iPhone.Build.0 = Debug|Any CPU
		{42BAE2A4-5514-47FB-AFBD-99AF2BC830E1}.Debug|iPhone.Deploy.0 = Debug|Any CPU
		{42BAE2A4-5514-47FB-AFBD-99AF2BC830E1}.Debug|iPhoneSimulator.ActiveCfg = Debug|Any CPU
		{42BAE2A4-5514-47FB-AFBD-99AF2BC830E1}.Debug|iPhoneSimulator.Build.0 = Debug|Any CPU
		{42BAE2A4-5514-47FB-AFBD-99AF2BC830E1}.Debug|iPhoneSimulator.Deploy.0 = Debug|Any CPU
		{42BAE2A4-5514-47FB-AFBD-99AF2BC830E1}.Release|Any CPU.ActiveCfg = Release|Any CPU
		{42BAE2A4-5514-47FB-AFBD-99AF2BC830E1}.Release|Any CPU.Build.0 = Release|Any CPU
		{42BAE2A4-5514-47FB-AFBD-99AF2BC830E1}.Release|Any CPU.Deploy.0 = Release|Any CPU
		{42BAE2A4-5514-47FB-AFBD-99AF2BC830E1}.Release|iPhone.ActiveCfg = Release|Any CPU
		{42BAE2A4-5514-47FB-AFBD-99AF2BC830E1}.Release|iPhone.Build.0 = Release|Any CPU
		{42BAE2A4-5514-47FB-AFBD-99AF2BC830E1}.Release|iPhone.Deploy.0 = Release|Any CPU
		{42BAE2A4-5514-47FB-AFBD-99AF2BC830E1}.Release|iPhoneSimulator.ActiveCfg = Release|Any CPU
		{42BAE2A4-5514-47FB-AFBD-99AF2BC830E1}.Release|iPhoneSimulator.Build.0 = Release|Any CPU
		{42BAE2A4-5514-47FB-AFBD-99AF2BC830E1}.Release|iPhoneSimulator.Deploy.0 = Release|Any CPU
		{4691A42B-67A4-4217-AD09-1C360C709D26}.Debug|Any CPU.ActiveCfg = Debug|iPhone
		{4691A42B-67A4-4217-AD09-1C360C709D26}.Debug|Any CPU.Build.0 = Debug|iPhone
		{4691A42B-67A4-4217-AD09-1C360C709D26}.Debug|Any CPU.Deploy.0 = Debug|iPhone
		{4691A42B-67A4-4217-AD09-1C360C709D26}.Debug|iPhone.ActiveCfg = Debug|iPhone
		{4691A42B-67A4-4217-AD09-1C360C709D26}.Debug|iPhone.Build.0 = Debug|iPhone
		{4691A42B-67A4-4217-AD09-1C360C709D26}.Debug|iPhone.Deploy.0 = Debug|iPhone
		{4691A42B-67A4-4217-AD09-1C360C709D26}.Debug|iPhoneSimulator.ActiveCfg = Debug|iPhoneSimulator
		{4691A42B-67A4-4217-AD09-1C360C709D26}.Debug|iPhoneSimulator.Build.0 = Debug|iPhoneSimulator
		{4691A42B-67A4-4217-AD09-1C360C709D26}.Debug|iPhoneSimulator.Deploy.0 = Debug|iPhoneSimulator
		{4691A42B-67A4-4217-AD09-1C360C709D26}.Release|Any CPU.ActiveCfg = Release|iPhoneSimulator
		{4691A42B-67A4-4217-AD09-1C360C709D26}.Release|Any CPU.Build.0 = Release|iPhoneSimulator
		{4691A42B-67A4-4217-AD09-1C360C709D26}.Release|Any CPU.Deploy.0 = Release|iPhoneSimulator
		{4691A42B-67A4-4217-AD09-1C360C709D26}.Release|iPhone.ActiveCfg = Release|iPhone
		{4691A42B-67A4-4217-AD09-1C360C709D26}.Release|iPhone.Build.0 = Release|iPhone
		{4691A42B-67A4-4217-AD09-1C360C709D26}.Release|iPhone.Deploy.0 = Release|iPhone
		{4691A42B-67A4-4217-AD09-1C360C709D26}.Release|iPhoneSimulator.ActiveCfg = Release|iPhoneSimulator
		{4691A42B-67A4-4217-AD09-1C360C709D26}.Release|iPhoneSimulator.Build.0 = Release|iPhoneSimulator
		{4691A42B-67A4-4217-AD09-1C360C709D26}.Release|iPhoneSimulator.Deploy.0 = Release|iPhoneSimulator
		{01F00416-947F-4409-ACF0-06C1E6F9842D}.Debug|Any CPU.ActiveCfg = Debug|Any CPU
		{01F00416-947F-4409-ACF0-06C1E6F9842D}.Debug|Any CPU.Build.0 = Debug|Any CPU
		{01F00416-947F-4409-ACF0-06C1E6F9842D}.Debug|Any CPU.Deploy.0 = Debug|Any CPU
		{01F00416-947F-4409-ACF0-06C1E6F9842D}.Debug|iPhone.ActiveCfg = Debug|Any CPU
		{01F00416-947F-4409-ACF0-06C1E6F9842D}.Debug|iPhone.Build.0 = Debug|Any CPU
		{01F00416-947F-4409-ACF0-06C1E6F9842D}.Debug|iPhone.Deploy.0 = Debug|Any CPU
		{01F00416-947F-4409-ACF0-06C1E6F9842D}.Debug|iPhoneSimulator.ActiveCfg = Debug|Any CPU
		{01F00416-947F-4409-ACF0-06C1E6F9842D}.Debug|iPhoneSimulator.Build.0 = Debug|Any CPU
		{01F00416-947F-4409-ACF0-06C1E6F9842D}.Debug|iPhoneSimulator.Deploy.0 = Debug|Any CPU
		{01F00416-947F-4409-ACF0-06C1E6F9842D}.Release|Any CPU.ActiveCfg = Release|Any CPU
		{01F00416-947F-4409-ACF0-06C1E6F9842D}.Release|Any CPU.Build.0 = Release|Any CPU
		{01F00416-947F-4409-ACF0-06C1E6F9842D}.Release|Any CPU.Deploy.0 = Release|Any CPU
		{01F00416-947F-4409-ACF0-06C1E6F9842D}.Release|iPhone.ActiveCfg = Release|Any CPU
		{01F00416-947F-4409-ACF0-06C1E6F9842D}.Release|iPhone.Build.0 = Release|Any CPU
		{01F00416-947F-4409-ACF0-06C1E6F9842D}.Release|iPhone.Deploy.0 = Release|Any CPU
		{01F00416-947F-4409-ACF0-06C1E6F9842D}.Release|iPhoneSimulator.ActiveCfg = Release|Any CPU
		{01F00416-947F-4409-ACF0-06C1E6F9842D}.Release|iPhoneSimulator.Build.0 = Release|Any CPU
		{01F00416-947F-4409-ACF0-06C1E6F9842D}.Release|iPhoneSimulator.Deploy.0 = Release|Any CPU
	EndGlobalSection
	GlobalSection(SolutionProperties) = preSolution
		HideSolutionNode = FALSE
	EndGlobalSection
	GlobalSection(ExtensibilityGlobals) = postSolution
		SolutionGuid = {C4F0B0FD-7B41-4006-8A35-01E6673E5692}
	EndGlobalSection
EndGlobal
